// !$*UTF8*$!
{
	archiveVersion = 1;
	classes = {
	};
	objectVersion = 50;
	objects = {

/* Begin PBXBuildFile section */
		A350514125F29D000047488D /* MapViewController.swift in Sources */ = {isa = PBXBuildFile; fileRef = A350514025F29D000047488D /* MapViewController.swift */; };
		A350514A25F29DB00047488D /* MapKit.framework in Frameworks */ = {isa = PBXBuildFile; fileRef = A350514925F29DB00047488D /* MapKit.framework */; };
		A350514C25F29E030047488D /* CoreLocation.framework in Frameworks */ = {isa = PBXBuildFile; fileRef = A350514B25F29E030047488D /* CoreLocation.framework */; };
		A39B36EB25EA107500525DAC /* AppDelegate.swift in Sources */ = {isa = PBXBuildFile; fileRef = A39B36EA25EA107500525DAC /* AppDelegate.swift */; };
		A39B36ED25EA107500525DAC /* SceneDelegate.swift in Sources */ = {isa = PBXBuildFile; fileRef = A39B36EC25EA107500525DAC /* SceneDelegate.swift */; };
		A39B36EF25EA107500525DAC /* WeatherViewController.swift in Sources */ = {isa = PBXBuildFile; fileRef = A39B36EE25EA107500525DAC /* WeatherViewController.swift */; };
		A39B36F225EA107500525DAC /* Main.storyboard in Resources */ = {isa = PBXBuildFile; fileRef = A39B36F025EA107500525DAC /* Main.storyboard */; };
		A39B36F525EA107500525DAC /* WeatherApp.xcdatamodeld in Sources */ = {isa = PBXBuildFile; fileRef = A39B36F325EA107500525DAC /* WeatherApp.xcdatamodeld */; };
		A39B36F725EA107800525DAC /* Assets.xcassets in Resources */ = {isa = PBXBuildFile; fileRef = A39B36F625EA107800525DAC /* Assets.xcassets */; };
		A39B36FA25EA107800525DAC /* LaunchScreen.storyboard in Resources */ = {isa = PBXBuildFile; fileRef = A39B36F825EA107800525DAC /* LaunchScreen.storyboard */; };
		A39B370525EA107800525DAC /* WeatherAppTests.swift in Sources */ = {isa = PBXBuildFile; fileRef = A39B370425EA107800525DAC /* WeatherAppTests.swift */; };
		A39B371025EA107900525DAC /* WeatherAppUITests.swift in Sources */ = {isa = PBXBuildFile; fileRef = A39B370F25EA107900525DAC /* WeatherAppUITests.swift */; };
		A39B372125EB50FA00525DAC /* HTTPClient.swift in Sources */ = {isa = PBXBuildFile; fileRef = A39B372025EB50FA00525DAC /* HTTPClient.swift */; };
		A39B372E25EB70BC00525DAC /* APIError.swift in Sources */ = {isa = PBXBuildFile; fileRef = A39B372D25EB70BC00525DAC /* APIError.swift */; };
		A3A3456125EBBA1E00E768CB /* NetworkManager.swift in Sources */ = {isa = PBXBuildFile; fileRef = A3A3456025EBBA1E00E768CB /* NetworkManager.swift */; };
		A3A3456625EBBAAF00E768CB /* NetworkSession.swift in Sources */ = {isa = PBXBuildFile; fileRef = A3A3456525EBBAAF00E768CB /* NetworkSession.swift */; };
		A3A3458625EBDE8600E768CB /* WeatherTableViewCell.swift in Sources */ = {isa = PBXBuildFile; fileRef = A3A3458525EBDE8600E768CB /* WeatherTableViewCell.swift */; };
		A3A3459D25EBFC7300E768CB /* FileReaderService.swift in Sources */ = {isa = PBXBuildFile; fileRef = A3A3459C25EBFC7300E768CB /* FileReaderService.swift */; };
		A3A345A625EC00E000E768CB /* DataExtension.swift in Sources */ = {isa = PBXBuildFile; fileRef = A3A345A525EC00DF00E768CB /* DataExtension.swift */; };
		A3A345AC25EC032200E768CB /* FileError.swift in Sources */ = {isa = PBXBuildFile; fileRef = A3A345AB25EC032200E768CB /* FileError.swift */; };
		A3A345B325EC0D1100E768CB /* cities.json in Resources */ = {isa = PBXBuildFile; fileRef = A3A345B225EC0D1100E768CB /* cities.json */; };
		A3A345B825EC0EE800E768CB /* LocationModel.swift in Sources */ = {isa = PBXBuildFile; fileRef = A3A345B725EC0EE800E768CB /* LocationModel.swift */; };
		A3A345C125EC0F5200E768CB /* LocationListViewModel.swift in Sources */ = {isa = PBXBuildFile; fileRef = A3A345C025EC0F5200E768CB /* LocationListViewModel.swift */; };
		A3A345CC25EC115C00E768CB /* LocationServiceProtocol.swift in Sources */ = {isa = PBXBuildFile; fileRef = A3A345CB25EC115C00E768CB /* LocationServiceProtocol.swift */; };
		A3A345D125ECC78C00E768CB /* DetailViewController.swift in Sources */ = {isa = PBXBuildFile; fileRef = A3A345D025ECC78C00E768CB /* DetailViewController.swift */; };
		A3C2D39F25F3D11B00A1A3D2 /* AddLocationViewController.swift in Sources */ = {isa = PBXBuildFile; fileRef = A3C2D39E25F3D11B00A1A3D2 /* AddLocationViewController.swift */; };
		A3C2D3A425F3DCA000A1A3D2 /* WeatherDataModel.swift in Sources */ = {isa = PBXBuildFile; fileRef = A3C2D3A325F3DCA000A1A3D2 /* WeatherDataModel.swift */; };
		A3C2D3A925F3EE5200A1A3D2 /* WeatherService.swift in Sources */ = {isa = PBXBuildFile; fileRef = A3C2D3A825F3EE5200A1A3D2 /* WeatherService.swift */; };
		A3C2D3BC25F41E7E00A1A3D2 /* CDWeatherModel+CoreDataClass.swift in Sources */ = {isa = PBXBuildFile; fileRef = A3C2D3BA25F41E7E00A1A3D2 /* CDWeatherModel+CoreDataClass.swift */; };
		A3C2D3BD25F41E7E00A1A3D2 /* CDWeatherModel+CoreDataProperties.swift in Sources */ = {isa = PBXBuildFile; fileRef = A3C2D3BB25F41E7E00A1A3D2 /* CDWeatherModel+CoreDataProperties.swift */; };
		A3C2D3C625F41EF900A1A3D2 /* WeatherRepository.swift in Sources */ = {isa = PBXBuildFile; fileRef = A3C2D3C525F41EF900A1A3D2 /* WeatherRepository.swift */; };
		A3C2D3CE25F420BC00A1A3D2 /* PersistanceStorage.swift in Sources */ = {isa = PBXBuildFile; fileRef = A3C2D3CD25F420BC00A1A3D2 /* PersistanceStorage.swift */; };
		A3C2D3DE25F4414C00A1A3D2 /* WeatherListViewModel.swift in Sources */ = {isa = PBXBuildFile; fileRef = A3C2D3DD25F4414C00A1A3D2 /* WeatherListViewModel.swift */; };
/* End PBXBuildFile section */

/* Begin PBXContainerItemProxy section */
		A39B370125EA107800525DAC /* PBXContainerItemProxy */ = {
			isa = PBXContainerItemProxy;
			containerPortal = A39B36DF25EA107500525DAC /* Project object */;
			proxyType = 1;
			remoteGlobalIDString = A39B36E625EA107500525DAC;
			remoteInfo = WeatherApp;
		};
		A39B370C25EA107900525DAC /* PBXContainerItemProxy */ = {
			isa = PBXContainerItemProxy;
			containerPortal = A39B36DF25EA107500525DAC /* Project object */;
			proxyType = 1;
			remoteGlobalIDString = A39B36E625EA107500525DAC;
			remoteInfo = WeatherApp;
		};
/* End PBXContainerItemProxy section */

/* Begin PBXFileReference section */
		A350514025F29D000047488D /* MapViewController.swift */ = {isa = PBXFileReference; lastKnownFileType = sourcecode.swift; path = MapViewController.swift; sourceTree = "<group>"; };
		A350514925F29DB00047488D /* MapKit.framework */ = {isa = PBXFileReference; lastKnownFileType = wrapper.framework; name = MapKit.framework; path = System/Library/Frameworks/MapKit.framework; sourceTree = SDKROOT; };
		A350514B25F29E030047488D /* CoreLocation.framework */ = {isa = PBXFileReference; lastKnownFileType = wrapper.framework; name = CoreLocation.framework; path = System/Library/Frameworks/CoreLocation.framework; sourceTree = SDKROOT; };
		A39B36E725EA107500525DAC /* WeatherApp.app */ = {isa = PBXFileReference; explicitFileType = wrapper.application; includeInIndex = 0; path = WeatherApp.app; sourceTree = BUILT_PRODUCTS_DIR; };
		A39B36EA25EA107500525DAC /* AppDelegate.swift */ = {isa = PBXFileReference; lastKnownFileType = sourcecode.swift; path = AppDelegate.swift; sourceTree = "<group>"; };
		A39B36EC25EA107500525DAC /* SceneDelegate.swift */ = {isa = PBXFileReference; lastKnownFileType = sourcecode.swift; path = SceneDelegate.swift; sourceTree = "<group>"; };
		A39B36EE25EA107500525DAC /* WeatherViewController.swift */ = {isa = PBXFileReference; lastKnownFileType = sourcecode.swift; path = WeatherViewController.swift; sourceTree = "<group>"; };
		A39B36F125EA107500525DAC /* Base */ = {isa = PBXFileReference; lastKnownFileType = file.storyboard; name = Base; path = Base.lproj/Main.storyboard; sourceTree = "<group>"; };
		A39B36F425EA107500525DAC /* WeatherApp.xcdatamodel */ = {isa = PBXFileReference; lastKnownFileType = wrapper.xcdatamodel; path = WeatherApp.xcdatamodel; sourceTree = "<group>"; };
		A39B36F625EA107800525DAC /* Assets.xcassets */ = {isa = PBXFileReference; lastKnownFileType = folder.assetcatalog; path = Assets.xcassets; sourceTree = "<group>"; };
		A39B36F925EA107800525DAC /* Base */ = {isa = PBXFileReference; lastKnownFileType = file.storyboard; name = Base; path = Base.lproj/LaunchScreen.storyboard; sourceTree = "<group>"; };
		A39B36FB25EA107800525DAC /* Info.plist */ = {isa = PBXFileReference; lastKnownFileType = text.plist.xml; path = Info.plist; sourceTree = "<group>"; };
		A39B370025EA107800525DAC /* WeatherAppTests.xctest */ = {isa = PBXFileReference; explicitFileType = wrapper.cfbundle; includeInIndex = 0; path = WeatherAppTests.xctest; sourceTree = BUILT_PRODUCTS_DIR; };
		A39B370425EA107800525DAC /* WeatherAppTests.swift */ = {isa = PBXFileReference; lastKnownFileType = sourcecode.swift; path = WeatherAppTests.swift; sourceTree = "<group>"; };
		A39B370625EA107800525DAC /* Info.plist */ = {isa = PBXFileReference; lastKnownFileType = text.plist.xml; path = Info.plist; sourceTree = "<group>"; };
		A39B370B25EA107900525DAC /* WeatherAppUITests.xctest */ = {isa = PBXFileReference; explicitFileType = wrapper.cfbundle; includeInIndex = 0; path = WeatherAppUITests.xctest; sourceTree = BUILT_PRODUCTS_DIR; };
		A39B370F25EA107900525DAC /* WeatherAppUITests.swift */ = {isa = PBXFileReference; lastKnownFileType = sourcecode.swift; path = WeatherAppUITests.swift; sourceTree = "<group>"; };
		A39B371125EA107900525DAC /* Info.plist */ = {isa = PBXFileReference; lastKnownFileType = text.plist.xml; path = Info.plist; sourceTree = "<group>"; };
		A39B372025EB50FA00525DAC /* HTTPClient.swift */ = {isa = PBXFileReference; lastKnownFileType = sourcecode.swift; path = HTTPClient.swift; sourceTree = "<group>"; };
		A39B372D25EB70BC00525DAC /* APIError.swift */ = {isa = PBXFileReference; lastKnownFileType = sourcecode.swift; path = APIError.swift; sourceTree = "<group>"; };
		A3A3456025EBBA1E00E768CB /* NetworkManager.swift */ = {isa = PBXFileReference; lastKnownFileType = sourcecode.swift; path = NetworkManager.swift; sourceTree = "<group>"; };
		A3A3456525EBBAAF00E768CB /* NetworkSession.swift */ = {isa = PBXFileReference; lastKnownFileType = sourcecode.swift; path = NetworkSession.swift; sourceTree = "<group>"; };
		A3A3458525EBDE8600E768CB /* WeatherTableViewCell.swift */ = {isa = PBXFileReference; lastKnownFileType = sourcecode.swift; path = WeatherTableViewCell.swift; sourceTree = "<group>"; };
		A3A3459C25EBFC7300E768CB /* FileReaderService.swift */ = {isa = PBXFileReference; lastKnownFileType = sourcecode.swift; path = FileReaderService.swift; sourceTree = "<group>"; };
		A3A345A525EC00DF00E768CB /* DataExtension.swift */ = {isa = PBXFileReference; lastKnownFileType = sourcecode.swift; path = DataExtension.swift; sourceTree = "<group>"; };
		A3A345AB25EC032200E768CB /* FileError.swift */ = {isa = PBXFileReference; lastKnownFileType = sourcecode.swift; path = FileError.swift; sourceTree = "<group>"; };
		A3A345B225EC0D1100E768CB /* cities.json */ = {isa = PBXFileReference; fileEncoding = 4; lastKnownFileType = text.json; path = cities.json; sourceTree = "<group>"; };
		A3A345B725EC0EE800E768CB /* LocationModel.swift */ = {isa = PBXFileReference; lastKnownFileType = sourcecode.swift; path = LocationModel.swift; sourceTree = "<group>"; };
		A3A345C025EC0F5200E768CB /* LocationListViewModel.swift */ = {isa = PBXFileReference; lastKnownFileType = sourcecode.swift; path = LocationListViewModel.swift; sourceTree = "<group>"; };
		A3A345CB25EC115C00E768CB /* LocationServiceProtocol.swift */ = {isa = PBXFileReference; lastKnownFileType = sourcecode.swift; path = LocationServiceProtocol.swift; sourceTree = "<group>"; };
		A3A345D025ECC78C00E768CB /* DetailViewController.swift */ = {isa = PBXFileReference; lastKnownFileType = sourcecode.swift; path = DetailViewController.swift; sourceTree = "<group>"; };
		A3C2D39E25F3D11B00A1A3D2 /* AddLocationViewController.swift */ = {isa = PBXFileReference; lastKnownFileType = sourcecode.swift; path = AddLocationViewController.swift; sourceTree = "<group>"; };
		A3C2D3A325F3DCA000A1A3D2 /* WeatherDataModel.swift */ = {isa = PBXFileReference; lastKnownFileType = sourcecode.swift; path = WeatherDataModel.swift; sourceTree = "<group>"; };
		A3C2D3A825F3EE5200A1A3D2 /* WeatherService.swift */ = {isa = PBXFileReference; lastKnownFileType = sourcecode.swift; path = WeatherService.swift; sourceTree = "<group>"; };
		A3C2D3BA25F41E7E00A1A3D2 /* CDWeatherModel+CoreDataClass.swift */ = {isa = PBXFileReference; lastKnownFileType = sourcecode.swift; path = "CDWeatherModel+CoreDataClass.swift"; sourceTree = "<group>"; };
		A3C2D3BB25F41E7E00A1A3D2 /* CDWeatherModel+CoreDataProperties.swift */ = {isa = PBXFileReference; lastKnownFileType = sourcecode.swift; path = "CDWeatherModel+CoreDataProperties.swift"; sourceTree = "<group>"; };
		A3C2D3C525F41EF900A1A3D2 /* WeatherRepository.swift */ = {isa = PBXFileReference; lastKnownFileType = sourcecode.swift; path = WeatherRepository.swift; sourceTree = "<group>"; };
		A3C2D3CD25F420BC00A1A3D2 /* PersistanceStorage.swift */ = {isa = PBXFileReference; lastKnownFileType = sourcecode.swift; path = PersistanceStorage.swift; sourceTree = "<group>"; };
		A3C2D3DD25F4414C00A1A3D2 /* WeatherListViewModel.swift */ = {isa = PBXFileReference; lastKnownFileType = sourcecode.swift; path = WeatherListViewModel.swift; sourceTree = "<group>"; };
/* End PBXFileReference section */

/* Begin PBXFrameworksBuildPhase section */
		A39B36E425EA107500525DAC /* Frameworks */ = {
			isa = PBXFrameworksBuildPhase;
			buildActionMask = 2147483647;
			files = (
				A350514C25F29E030047488D /* CoreLocation.framework in Frameworks */,
				A350514A25F29DB00047488D /* MapKit.framework in Frameworks */,
			);
			runOnlyForDeploymentPostprocessing = 0;
		};
		A39B36FD25EA107800525DAC /* Frameworks */ = {
			isa = PBXFrameworksBuildPhase;
			buildActionMask = 2147483647;
			files = (
			);
			runOnlyForDeploymentPostprocessing = 0;
		};
		A39B370825EA107900525DAC /* Frameworks */ = {
			isa = PBXFrameworksBuildPhase;
			buildActionMask = 2147483647;
			files = (
			);
			runOnlyForDeploymentPostprocessing = 0;
		};
/* End PBXFrameworksBuildPhase section */

/* Begin PBXGroup section */
		A350514825F29DB00047488D /* Frameworks */ = {
			isa = PBXGroup;
			children = (
				A350514B25F29E030047488D /* CoreLocation.framework */,
				A350514925F29DB00047488D /* MapKit.framework */,
			);
			name = Frameworks;
			sourceTree = "<group>";
		};
		A39B36DE25EA107500525DAC = {
			isa = PBXGroup;
			children = (
				A39B36E925EA107500525DAC /* WeatherApp */,
				A39B370325EA107800525DAC /* WeatherAppTests */,
				A39B370E25EA107900525DAC /* WeatherAppUITests */,
				A39B36E825EA107500525DAC /* Products */,
				A350514825F29DB00047488D /* Frameworks */,
			);
			sourceTree = "<group>";
		};
		A39B36E825EA107500525DAC /* Products */ = {
			isa = PBXGroup;
			children = (
				A39B36E725EA107500525DAC /* WeatherApp.app */,
				A39B370025EA107800525DAC /* WeatherAppTests.xctest */,
				A39B370B25EA107900525DAC /* WeatherAppUITests.xctest */,
			);
			name = Products;
			sourceTree = "<group>";
		};
		A39B36E925EA107500525DAC /* WeatherApp */ = {
			isa = PBXGroup;
			children = (
				A3A345BF25EC0F2C00E768CB /* ViewModels */,
				A3A345B125EC0CFE00E768CB /* Resources */,
				A3A345A425EC00CC00E768CB /* Extensions */,
				A3A3459925EBFC3600E768CB /* Services */,
				A3A3459525EBFB5200E768CB /* Model */,
				A3A3458325EBDE4100E768CB /* view */,
				A3A3455F25EBB9DB00E768CB /* Network */,
				A39B373225EBA1D700525DAC /* protocol */,
				A39B372C25EB70AA00525DAC /* Enum */,
				A39B36EA25EA107500525DAC /* AppDelegate.swift */,
				A39B36EC25EA107500525DAC /* SceneDelegate.swift */,
				A39B36F025EA107500525DAC /* Main.storyboard */,
				A39B36F625EA107800525DAC /* Assets.xcassets */,
				A39B36F825EA107800525DAC /* LaunchScreen.storyboard */,
				A39B36FB25EA107800525DAC /* Info.plist */,
				A39B36F325EA107500525DAC /* WeatherApp.xcdatamodeld */,
				A39B372025EB50FA00525DAC /* HTTPClient.swift */,
			);
			path = WeatherApp;
			sourceTree = "<group>";
		};
		A39B370325EA107800525DAC /* WeatherAppTests */ = {
			isa = PBXGroup;
			children = (
				A39B370425EA107800525DAC /* WeatherAppTests.swift */,
				A39B370625EA107800525DAC /* Info.plist */,
			);
			path = WeatherAppTests;
			sourceTree = "<group>";
		};
		A39B370E25EA107900525DAC /* WeatherAppUITests */ = {
			isa = PBXGroup;
			children = (
				A39B370F25EA107900525DAC /* WeatherAppUITests.swift */,
				A39B371125EA107900525DAC /* Info.plist */,
			);
			path = WeatherAppUITests;
			sourceTree = "<group>";
		};
		A39B372C25EB70AA00525DAC /* Enum */ = {
			isa = PBXGroup;
			children = (
				A39B372D25EB70BC00525DAC /* APIError.swift */,
				A3A345AB25EC032200E768CB /* FileError.swift */,
			);
			path = Enum;
			sourceTree = "<group>";
		};
		A39B373225EBA1D700525DAC /* protocol */ = {
			isa = PBXGroup;
			children = (
				A3A3456525EBBAAF00E768CB /* NetworkSession.swift */,
				A3A345CB25EC115C00E768CB /* LocationServiceProtocol.swift */,
			);
			path = protocol;
			sourceTree = "<group>";
		};
		A3A3455F25EBB9DB00E768CB /* Network */ = {
			isa = PBXGroup;
			children = (
				A3A3456025EBBA1E00E768CB /* NetworkManager.swift */,
			);
			path = Network;
			sourceTree = "<group>";
		};
		A3A3458325EBDE4100E768CB /* view */ = {
			isa = PBXGroup;
			children = (
				A3A3458525EBDE8600E768CB /* WeatherTableViewCell.swift */,
				A39B36EE25EA107500525DAC /* WeatherViewController.swift */,
				A3A345D025ECC78C00E768CB /* DetailViewController.swift */,
				A350514025F29D000047488D /* MapViewController.swift */,
				A3C2D39E25F3D11B00A1A3D2 /* AddLocationViewController.swift */,
			);
			path = view;
			sourceTree = "<group>";
		};
		A3A3459525EBFB5200E768CB /* Model */ = {
			isa = PBXGroup;
			children = (
				A3C2D3BA25F41E7E00A1A3D2 /* CDWeatherModel+CoreDataClass.swift */,
				A3C2D3BB25F41E7E00A1A3D2 /* CDWeatherModel+CoreDataProperties.swift */,
				A3A345B725EC0EE800E768CB /* LocationModel.swift */,
				A3C2D3A325F3DCA000A1A3D2 /* WeatherDataModel.swift */,
			);
			path = Model;
			sourceTree = "<group>";
		};
		A3A3459925EBFC3600E768CB /* Services */ = {
			isa = PBXGroup;
			children = (
				A3C2D3C425F41EDD00A1A3D2 /* Repository */,
				A3A3459B25EBFC5600E768CB /* FileReaderService */,
				A3A3459A25EBFC4700E768CB /* NetworkService */,
			);
			path = Services;
			sourceTree = "<group>";
		};
		A3A3459A25EBFC4700E768CB /* NetworkService */ = {
			isa = PBXGroup;
			children = (
				A3C2D3A825F3EE5200A1A3D2 /* WeatherService.swift */,
			);
			path = NetworkService;
			sourceTree = "<group>";
		};
		A3A3459B25EBFC5600E768CB /* FileReaderService */ = {
			isa = PBXGroup;
			children = (
				A3A3459C25EBFC7300E768CB /* FileReaderService.swift */,
			);
			path = FileReaderService;
			sourceTree = "<group>";
		};
		A3A345A425EC00CC00E768CB /* Extensions */ = {
			isa = PBXGroup;
			children = (
				A3A345A525EC00DF00E768CB /* DataExtension.swift */,
			);
			path = Extensions;
			sourceTree = "<group>";
		};
		A3A345B125EC0CFE00E768CB /* Resources */ = {
			isa = PBXGroup;
			children = (
				A3A345B225EC0D1100E768CB /* cities.json */,
			);
			path = Resources;
			sourceTree = "<group>";
		};
		A3A345BF25EC0F2C00E768CB /* ViewModels */ = {
			isa = PBXGroup;
			children = (
				A3C2D3DD25F4414C00A1A3D2 /* WeatherListViewModel.swift */,
				A3A345C025EC0F5200E768CB /* LocationListViewModel.swift */,
			);
			path = ViewModels;
			sourceTree = "<group>";
		};
		A3C2D3C425F41EDD00A1A3D2 /* Repository */ = {
			isa = PBXGroup;
			children = (
				A3C2D3C525F41EF900A1A3D2 /* WeatherRepository.swift */,
				A3C2D3CD25F420BC00A1A3D2 /* PersistanceStorage.swift */,
			);
			path = Repository;
			sourceTree = "<group>";
		};
/* End PBXGroup section */

/* Begin PBXNativeTarget section */
		A39B36E625EA107500525DAC /* WeatherApp */ = {
			isa = PBXNativeTarget;
			buildConfigurationList = A39B371425EA107900525DAC /* Build configuration list for PBXNativeTarget "WeatherApp" */;
			buildPhases = (
				A39B36E325EA107500525DAC /* Sources */,
				A39B36E425EA107500525DAC /* Frameworks */,
				A39B36E525EA107500525DAC /* Resources */,
			);
			buildRules = (
			);
			dependencies = (
			);
			name = WeatherApp;
			productName = WeatherApp;
			productReference = A39B36E725EA107500525DAC /* WeatherApp.app */;
			productType = "com.apple.product-type.application";
		};
		A39B36FF25EA107800525DAC /* WeatherAppTests */ = {
			isa = PBXNativeTarget;
			buildConfigurationList = A39B371725EA107900525DAC /* Build configuration list for PBXNativeTarget "WeatherAppTests" */;
			buildPhases = (
				A39B36FC25EA107800525DAC /* Sources */,
				A39B36FD25EA107800525DAC /* Frameworks */,
				A39B36FE25EA107800525DAC /* Resources */,
			);
			buildRules = (
			);
			dependencies = (
				A39B370225EA107800525DAC /* PBXTargetDependency */,
			);
			name = WeatherAppTests;
			productName = WeatherAppTests;
			productReference = A39B370025EA107800525DAC /* WeatherAppTests.xctest */;
			productType = "com.apple.product-type.bundle.unit-test";
		};
		A39B370A25EA107900525DAC /* WeatherAppUITests */ = {
			isa = PBXNativeTarget;
			buildConfigurationList = A39B371A25EA107900525DAC /* Build configuration list for PBXNativeTarget "WeatherAppUITests" */;
			buildPhases = (
				A39B370725EA107900525DAC /* Sources */,
				A39B370825EA107900525DAC /* Frameworks */,
				A39B370925EA107900525DAC /* Resources */,
			);
			buildRules = (
			);
			dependencies = (
				A39B370D25EA107900525DAC /* PBXTargetDependency */,
			);
			name = WeatherAppUITests;
			productName = WeatherAppUITests;
			productReference = A39B370B25EA107900525DAC /* WeatherAppUITests.xctest */;
			productType = "com.apple.product-type.bundle.ui-testing";
		};
/* End PBXNativeTarget section */

/* Begin PBXProject section */
		A39B36DF25EA107500525DAC /* Project object */ = {
			isa = PBXProject;
			attributes = {
				LastSwiftUpdateCheck = 1220;
				LastUpgradeCheck = 1220;
				TargetAttributes = {
					A39B36E625EA107500525DAC = {
						CreatedOnToolsVersion = 12.2;
					};
					A39B36FF25EA107800525DAC = {
						CreatedOnToolsVersion = 12.2;
						TestTargetID = A39B36E625EA107500525DAC;
					};
					A39B370A25EA107900525DAC = {
						CreatedOnToolsVersion = 12.2;
						TestTargetID = A39B36E625EA107500525DAC;
					};
				};
			};
			buildConfigurationList = A39B36E225EA107500525DAC /* Build configuration list for PBXProject "WeatherApp" */;
			compatibilityVersion = "Xcode 9.3";
			developmentRegion = en;
			hasScannedForEncodings = 0;
			knownRegions = (
				en,
				Base,
			);
			mainGroup = A39B36DE25EA107500525DAC;
			productRefGroup = A39B36E825EA107500525DAC /* Products */;
			projectDirPath = "";
			projectRoot = "";
			targets = (
				A39B36E625EA107500525DAC /* WeatherApp */,
				A39B36FF25EA107800525DAC /* WeatherAppTests */,
				A39B370A25EA107900525DAC /* WeatherAppUITests */,
			);
		};
/* End PBXProject section */

/* Begin PBXResourcesBuildPhase section */
		A39B36E525EA107500525DAC /* Resources */ = {
			isa = PBXResourcesBuildPhase;
			buildActionMask = 2147483647;
			files = (
				A3A345B325EC0D1100E768CB /* cities.json in Resources */,
				A39B36FA25EA107800525DAC /* LaunchScreen.storyboard in Resources */,
				A39B36F725EA107800525DAC /* Assets.xcassets in Resources */,
				A39B36F225EA107500525DAC /* Main.storyboard in Resources */,
			);
			runOnlyForDeploymentPostprocessing = 0;
		};
		A39B36FE25EA107800525DAC /* Resources */ = {
			isa = PBXResourcesBuildPhase;
			buildActionMask = 2147483647;
			files = (
			);
			runOnlyForDeploymentPostprocessing = 0;
		};
		A39B370925EA107900525DAC /* Resources */ = {
			isa = PBXResourcesBuildPhase;
			buildActionMask = 2147483647;
			files = (
			);
			runOnlyForDeploymentPostprocessing = 0;
		};
/* End PBXResourcesBuildPhase section */

/* Begin PBXSourcesBuildPhase section */
		A39B36E325EA107500525DAC /* Sources */ = {
			isa = PBXSourcesBuildPhase;
			buildActionMask = 2147483647;
			files = (
				A3C2D3A925F3EE5200A1A3D2 /* WeatherService.swift in Sources */,
				A39B36F525EA107500525DAC /* WeatherApp.xcdatamodeld in Sources */,
				A3C2D3BC25F41E7E00A1A3D2 /* CDWeatherModel+CoreDataClass.swift in Sources */,
				A3A345AC25EC032200E768CB /* FileError.swift in Sources */,
				A3A345A625EC00E000E768CB /* DataExtension.swift in Sources */,
				A39B372125EB50FA00525DAC /* HTTPClient.swift in Sources */,
				A3C2D3A425F3DCA000A1A3D2 /* WeatherDataModel.swift in Sources */,
				A3C2D3BD25F41E7E00A1A3D2 /* CDWeatherModel+CoreDataProperties.swift in Sources */,
				A3A345CC25EC115C00E768CB /* LocationServiceProtocol.swift in Sources */,
				A39B36EF25EA107500525DAC /* WeatherViewController.swift in Sources */,
				A3A3456125EBBA1E00E768CB /* NetworkManager.swift in Sources */,
				A3A345D125ECC78C00E768CB /* DetailViewController.swift in Sources */,
				A3A345B825EC0EE800E768CB /* LocationModel.swift in Sources */,
				A39B36EB25EA107500525DAC /* AppDelegate.swift in Sources */,
				A3A3459D25EBFC7300E768CB /* FileReaderService.swift in Sources */,
				A3A3456625EBBAAF00E768CB /* NetworkSession.swift in Sources */,
				A3A3458625EBDE8600E768CB /* WeatherTableViewCell.swift in Sources */,
				A3C2D3CE25F420BC00A1A3D2 /* PersistanceStorage.swift in Sources */,
				A3C2D39F25F3D11B00A1A3D2 /* AddLocationViewController.swift in Sources */,
				A39B36ED25EA107500525DAC /* SceneDelegate.swift in Sources */,
				A39B372E25EB70BC00525DAC /* APIError.swift in Sources */,
				A3A345C125EC0F5200E768CB /* LocationListViewModel.swift in Sources */,
				A350514125F29D000047488D /* MapViewController.swift in Sources */,
				A3C2D3DE25F4414C00A1A3D2 /* WeatherListViewModel.swift in Sources */,
				A3C2D3C625F41EF900A1A3D2 /* WeatherRepository.swift in Sources */,
			);
			runOnlyForDeploymentPostprocessing = 0;
		};
		A39B36FC25EA107800525DAC /* Sources */ = {
			isa = PBXSourcesBuildPhase;
			buildActionMask = 2147483647;
			files = (
				A39B370525EA107800525DAC /* WeatherAppTests.swift in Sources */,
			);
			runOnlyForDeploymentPostprocessing = 0;
		};
		A39B370725EA107900525DAC /* Sources */ = {
			isa = PBXSourcesBuildPhase;
			buildActionMask = 2147483647;
			files = (
				A39B371025EA107900525DAC /* WeatherAppUITests.swift in Sources */,
			);
			runOnlyForDeploymentPostprocessing = 0;
		};
/* End PBXSourcesBuildPhase section */

/* Begin PBXTargetDependency section */
		A39B370225EA107800525DAC /* PBXTargetDependency */ = {
			isa = PBXTargetDependency;
			target = A39B36E625EA107500525DAC /* WeatherApp */;
			targetProxy = A39B370125EA107800525DAC /* PBXContainerItemProxy */;
		};
		A39B370D25EA107900525DAC /* PBXTargetDependency */ = {
			isa = PBXTargetDependency;
			target = A39B36E625EA107500525DAC /* WeatherApp */;
			targetProxy = A39B370C25EA107900525DAC /* PBXContainerItemProxy */;
		};
/* End PBXTargetDependency section */

/* Begin PBXVariantGroup section */
		A39B36F025EA107500525DAC /* Main.storyboard */ = {
			isa = PBXVariantGroup;
			children = (
				A39B36F125EA107500525DAC /* Base */,
			);
			name = Main.storyboard;
			sourceTree = "<group>";
		};
		A39B36F825EA107800525DAC /* LaunchScreen.storyboard */ = {
			isa = PBXVariantGroup;
			children = (
				A39B36F925EA107800525DAC /* Base */,
			);
			name = LaunchScreen.storyboard;
			sourceTree = "<group>";
		};
/* End PBXVariantGroup section */

/* Begin XCBuildConfiguration section */
		A39B371225EA107900525DAC /* Debug */ = {
			isa = XCBuildConfiguration;
			buildSettings = {
				ALWAYS_SEARCH_USER_PATHS = NO;
				CLANG_ANALYZER_NONNULL = YES;
				CLANG_ANALYZER_NUMBER_OBJECT_CONVERSION = YES_AGGRESSIVE;
				CLANG_CXX_LANGUAGE_STANDARD = "gnu++14";
				CLANG_CXX_LIBRARY = "libc++";
				CLANG_ENABLE_MODULES = YES;
				CLANG_ENABLE_OBJC_ARC = YES;
				CLANG_ENABLE_OBJC_WEAK = YES;
				CLANG_WARN_BLOCK_CAPTURE_AUTORELEASING = YES;
				CLANG_WARN_BOOL_CONVERSION = YES;
				CLANG_WARN_COMMA = YES;
				CLANG_WARN_CONSTANT_CONVERSION = YES;
				CLANG_WARN_DEPRECATED_OBJC_IMPLEMENTATIONS = YES;
				CLANG_WARN_DIRECT_OBJC_ISA_USAGE = YES_ERROR;
				CLANG_WARN_DOCUMENTATION_COMMENTS = YES;
				CLANG_WARN_EMPTY_BODY = YES;
				CLANG_WARN_ENUM_CONVERSION = YES;
				CLANG_WARN_INFINITE_RECURSION = YES;
				CLANG_WARN_INT_CONVERSION = YES;
				CLANG_WARN_NON_LITERAL_NULL_CONVERSION = YES;
				CLANG_WARN_OBJC_IMPLICIT_RETAIN_SELF = YES;
				CLANG_WARN_OBJC_LITERAL_CONVERSION = YES;
				CLANG_WARN_OBJC_ROOT_CLASS = YES_ERROR;
				CLANG_WARN_QUOTED_INCLUDE_IN_FRAMEWORK_HEADER = YES;
				CLANG_WARN_RANGE_LOOP_ANALYSIS = YES;
				CLANG_WARN_STRICT_PROTOTYPES = YES;
				CLANG_WARN_SUSPICIOUS_MOVE = YES;
				CLANG_WARN_UNGUARDED_AVAILABILITY = YES_AGGRESSIVE;
				CLANG_WARN_UNREACHABLE_CODE = YES;
				CLANG_WARN__DUPLICATE_METHOD_MATCH = YES;
				COPY_PHASE_STRIP = NO;
				DEBUG_INFORMATION_FORMAT = dwarf;
				ENABLE_STRICT_OBJC_MSGSEND = YES;
				ENABLE_TESTABILITY = YES;
				GCC_C_LANGUAGE_STANDARD = gnu11;
				GCC_DYNAMIC_NO_PIC = NO;
				GCC_NO_COMMON_BLOCKS = YES;
				GCC_OPTIMIZATION_LEVEL = 0;
				GCC_PREPROCESSOR_DEFINITIONS = (
					"DEBUG=1",
					"$(inherited)",
				);
				GCC_WARN_64_TO_32_BIT_CONVERSION = YES;
				GCC_WARN_ABOUT_RETURN_TYPE = YES_ERROR;
				GCC_WARN_UNDECLARED_SELECTOR = YES;
				GCC_WARN_UNINITIALIZED_AUTOS = YES_AGGRESSIVE;
				GCC_WARN_UNUSED_FUNCTION = YES;
				GCC_WARN_UNUSED_VARIABLE = YES;
				IPHONEOS_DEPLOYMENT_TARGET = 14.2;
				MTL_ENABLE_DEBUG_INFO = INCLUDE_SOURCE;
				MTL_FAST_MATH = YES;
				ONLY_ACTIVE_ARCH = YES;
				SDKROOT = iphoneos;
				SWIFT_ACTIVE_COMPILATION_CONDITIONS = DEBUG;
				SWIFT_OPTIMIZATION_LEVEL = "-Onone";
			};
			name = Debug;
		};
		A39B371325EA107900525DAC /* Release */ = {
			isa = XCBuildConfiguration;
			buildSettings = {
				ALWAYS_SEARCH_USER_PATHS = NO;
				CLANG_ANALYZER_NONNULL = YES;
				CLANG_ANALYZER_NUMBER_OBJECT_CONVERSION = YES_AGGRESSIVE;
				CLANG_CXX_LANGUAGE_STANDARD = "gnu++14";
				CLANG_CXX_LIBRARY = "libc++";
				CLANG_ENABLE_MODULES = YES;
				CLANG_ENABLE_OBJC_ARC = YES;
				CLANG_ENABLE_OBJC_WEAK = YES;
				CLANG_WARN_BLOCK_CAPTURE_AUTORELEASING = YES;
				CLANG_WARN_BOOL_CONVERSION = YES;
				CLANG_WARN_COMMA = YES;
				CLANG_WARN_CONSTANT_CONVERSION = YES;
				CLANG_WARN_DEPRECATED_OBJC_IMPLEMENTATIONS = YES;
				CLANG_WARN_DIRECT_OBJC_ISA_USAGE = YES_ERROR;
				CLANG_WARN_DOCUMENTATION_COMMENTS = YES;
				CLANG_WARN_EMPTY_BODY = YES;
				CLANG_WARN_ENUM_CONVERSION = YES;
				CLANG_WARN_INFINITE_RECURSION = YES;
				CLANG_WARN_INT_CONVERSION = YES;
				CLANG_WARN_NON_LITERAL_NULL_CONVERSION = YES;
				CLANG_WARN_OBJC_IMPLICIT_RETAIN_SELF = YES;
				CLANG_WARN_OBJC_LITERAL_CONVERSION = YES;
				CLANG_WARN_OBJC_ROOT_CLASS = YES_ERROR;
				CLANG_WARN_QUOTED_INCLUDE_IN_FRAMEWORK_HEADER = YES;
				CLANG_WARN_RANGE_LOOP_ANALYSIS = YES;
				CLANG_WARN_STRICT_PROTOTYPES = YES;
				CLANG_WARN_SUSPICIOUS_MOVE = YES;
				CLANG_WARN_UNGUARDED_AVAILABILITY = YES_AGGRESSIVE;
				CLANG_WARN_UNREACHABLE_CODE = YES;
				CLANG_WARN__DUPLICATE_METHOD_MATCH = YES;
				COPY_PHASE_STRIP = NO;
				DEBUG_INFORMATION_FORMAT = "dwarf-with-dsym";
				ENABLE_NS_ASSERTIONS = NO;
				ENABLE_STRICT_OBJC_MSGSEND = YES;
				GCC_C_LANGUAGE_STANDARD = gnu11;
				GCC_NO_COMMON_BLOCKS = YES;
				GCC_WARN_64_TO_32_BIT_CONVERSION = YES;
				GCC_WARN_ABOUT_RETURN_TYPE = YES_ERROR;
				GCC_WARN_UNDECLARED_SELECTOR = YES;
				GCC_WARN_UNINITIALIZED_AUTOS = YES_AGGRESSIVE;
				GCC_WARN_UNUSED_FUNCTION = YES;
				GCC_WARN_UNUSED_VARIABLE = YES;
				IPHONEOS_DEPLOYMENT_TARGET = 14.2;
				MTL_ENABLE_DEBUG_INFO = NO;
				MTL_FAST_MATH = YES;
				SDKROOT = iphoneos;
				SWIFT_COMPILATION_MODE = wholemodule;
				SWIFT_OPTIMIZATION_LEVEL = "-O";
				VALIDATE_PRODUCT = YES;
			};
			name = Release;
		};
		A39B371525EA107900525DAC /* Debug */ = {
			isa = XCBuildConfiguration;
			buildSettings = {
				ASSETCATALOG_COMPILER_APPICON_NAME = AppIcon;
				ASSETCATALOG_COMPILER_GLOBAL_ACCENT_COLOR_NAME = AccentColor;
				CODE_SIGN_STYLE = Manual;
				DEVELOPMENT_TEAM = "";
				INFOPLIST_FILE = WeatherApp/Info.plist;
				LD_RUNPATH_SEARCH_PATHS = (
					"$(inherited)",
					"@executable_path/Frameworks",
				);
				PRODUCT_BUNDLE_IDENTIFIER = com.ivy.mobile.native.layer.WeatherApp;
				PRODUCT_NAME = "$(TARGET_NAME)";
				PROVISIONING_PROFILE_SPECIFIER = "";
				SWIFT_VERSION = 5.0;
				TARGETED_DEVICE_FAMILY = "1,2";
			};
			name = Debug;
		};
		A39B371625EA107900525DAC /* Release */ = {
			isa = XCBuildConfiguration;
			buildSettings = {
				ASSETCATALOG_COMPILER_APPICON_NAME = AppIcon;
				ASSETCATALOG_COMPILER_GLOBAL_ACCENT_COLOR_NAME = AccentColor;
				CODE_SIGN_STYLE = Manual;
				DEVELOPMENT_TEAM = "";
				INFOPLIST_FILE = WeatherApp/Info.plist;
				LD_RUNPATH_SEARCH_PATHS = (
					"$(inherited)",
					"@executable_path/Frameworks",
				);
				PRODUCT_BUNDLE_IDENTIFIER = com.ivy.mobile.native.layer.WeatherApp;
				PRODUCT_NAME = "$(TARGET_NAME)";
				PROVISIONING_PROFILE_SPECIFIER = "";
				SWIFT_VERSION = 5.0;
				TARGETED_DEVICE_FAMILY = "1,2";
			};
			name = Release;
		};
		A39B371825EA107900525DAC /* Debug */ = {
			isa = XCBuildConfiguration;
			buildSettings = {
				ALWAYS_EMBED_SWIFT_STANDARD_LIBRARIES = YES;
				BUNDLE_LOADER = "$(TEST_HOST)";
				CODE_SIGN_STYLE = Automatic;
				INFOPLIST_FILE = WeatherAppTests/Info.plist;
				IPHONEOS_DEPLOYMENT_TARGET = 14.2;
				LD_RUNPATH_SEARCH_PATHS = (
					"$(inherited)",
					"@executable_path/Frameworks",
					"@loader_path/Frameworks",
				);
				PRODUCT_BUNDLE_IDENTIFIER = com.ivy.mobile.native.layer.WeatherAppTests;
				PRODUCT_NAME = "$(TARGET_NAME)";
				SWIFT_VERSION = 5.0;
				TARGETED_DEVICE_FAMILY = "1,2";
				TEST_HOST = "$(BUILT_PRODUCTS_DIR)/WeatherApp.app/WeatherApp";
			};
			name = Debug;
		};
		A39B371925EA107900525DAC /* Release */ = {
			isa = XCBuildConfiguration;
			buildSettings = {
				ALWAYS_EMBED_SWIFT_STANDARD_LIBRARIES = YES;
				BUNDLE_LOADER = "$(TEST_HOST)";
				CODE_SIGN_STYLE = Automatic;
				INFOPLIST_FILE = WeatherAppTests/Info.plist;
				IPHONEOS_DEPLOYMENT_TARGET = 14.2;
				LD_RUNPATH_SEARCH_PATHS = (
					"$(inherited)",
					"@executable_path/Frameworks",
					"@loader_path/Frameworks",
				);
				PRODUCT_BUNDLE_IDENTIFIER = com.ivy.mobile.native.layer.WeatherAppTests;
				PRODUCT_NAME = "$(TARGET_NAME)";
				SWIFT_VERSION = 5.0;
				TARGETED_DEVICE_FAMILY = "1,2";
				TEST_HOST = "$(BUILT_PRODUCTS_DIR)/WeatherApp.app/WeatherApp";
			};
			name = Release;
		};
		A39B371B25EA107900525DAC /* Debug */ = {
			isa = XCBuildConfiguration;
			buildSettings = {
				ALWAYS_EMBED_SWIFT_STANDARD_LIBRARIES = YES;
				CODE_SIGN_STYLE = Automatic;
				INFOPLIST_FILE = WeatherAppUITests/Info.plist;
				LD_RUNPATH_SEARCH_PATHS = (
					"$(inherited)",
					"@executable_path/Frameworks",
					"@loader_path/Frameworks",
				);
				PRODUCT_BUNDLE_IDENTIFIER = com.ivy.mobile.native.layer.WeatherAppUITests;
				PRODUCT_NAME = "$(TARGET_NAME)";
				SWIFT_VERSION = 5.0;
				TARGETED_DEVICE_FAMILY = "1,2";
				TEST_TARGET_NAME = WeatherApp;
			};
			name = Debug;
		};
		A39B371C25EA107900525DAC /* Release */ = {
			isa = XCBuildConfiguration;
			buildSettings = {
				ALWAYS_EMBED_SWIFT_STANDARD_LIBRARIES = YES;
				CODE_SIGN_STYLE = Automatic;
				INFOPLIST_FILE = WeatherAppUITests/Info.plist;
				LD_RUNPATH_SEARCH_PATHS = (
					"$(inherited)",
					"@executable_path/Frameworks",
					"@loader_path/Frameworks",
				);
				PRODUCT_BUNDLE_IDENTIFIER = com.ivy.mobile.native.layer.WeatherAppUITests;
				PRODUCT_NAME = "$(TARGET_NAME)";
				SWIFT_VERSION = 5.0;
				TARGETED_DEVICE_FAMILY = "1,2";
				TEST_TARGET_NAME = WeatherApp;
			};
			name = Release;
		};
/* End XCBuildConfiguration section */

/* Begin XCConfigurationList section */
		A39B36E225EA107500525DAC /* Build configuration list for PBXProject "WeatherApp" */ = {
			isa = XCConfigurationList;
			buildConfigurations = (
				A39B371225EA107900525DAC /* Debug */,
				A39B371325EA107900525DAC /* Release */,
			);
			defaultConfigurationIsVisible = 0;
			defaultConfigurationName = Release;
		};
		A39B371425EA107900525DAC /* Build configuration list for PBXNativeTarget "WeatherApp" */ = {
			isa = XCConfigurationList;
			buildConfigurations = (
				A39B371525EA107900525DAC /* Debug */,
				A39B371625EA107900525DAC /* Release */,
			);
			defaultConfigurationIsVisible = 0;
			defaultConfigurationName = Release;
		};
		A39B371725EA107900525DAC /* Build configuration list for PBXNativeTarget "WeatherAppTests" */ = {
			isa = XCConfigurationList;
			buildConfigurations = (
				A39B371825EA107900525DAC /* Debug */,
				A39B371925EA107900525DAC /* Release */,
			);
			defaultConfigurationIsVisible = 0;
			defaultConfigurationName = Release;
		};
		A39B371A25EA107900525DAC /* Build configuration list for PBXNativeTarget "WeatherAppUITests" */ = {
			isa = XCConfigurationList;
			buildConfigurations = (
				A39B371B25EA107900525DAC /* Debug */,
				A39B371C25EA107900525DAC /* Release */,
			);
			defaultConfigurationIsVisible = 0;
			defaultConfigurationName = Release;
		};
/* End XCConfigurationList section */

/* Begin XCVersionGroup section */
		A39B36F325EA107500525DAC /* WeatherApp.xcdatamodeld */ = {
			isa = XCVersionGroup;
			children = (
				A39B36F425EA107500525DAC /* WeatherApp.xcdatamodel */,
			);
			currentVersion = A39B36F425EA107500525DAC /* WeatherApp.xcdatamodel */;
			path = WeatherApp.xcdatamodeld;
			sourceTree = "<group>";
			versionGroupType = wrapper.xcdatamodel;
		};
/* End XCVersionGroup section */
	};
	rootObject = A39B36DF25EA107500525DAC /* Project object */;
}
